
Microsoft Visual Studio Solution File, Format Version 12.00
# Visual Studio Version 17
VisualStudioVersion = 17.14.36511.14
MinimumVisualStudioVersion = 10.0.40219.1
Project("{FAE04EC0-301F-11D3-BF4B-00C04F79EFBC}") = "UniLink.Api", "backend\UniLink.Api\UniLink.Api.csproj", "{4A44E6D0-29DE-4CD5-A4C7-9437EDEBDD1B}"
EndProject
Global
	GlobalSection(SolutionConfigurationPlatforms) = preSolution
		Debug|Any CPU = Debug|Any CPU
		Release|Any CPU = Release|Any CPU
	EndGlobalSection
	GlobalSection(ProjectConfigurationPlatforms) = postSolution
		{4A44E6D0-29DE-4CD5-A4C7-9437EDEBDD1B}.Debug|Any CPU.ActiveCfg = Debug|Any CPU
		{4A44E6D0-29DE-4CD5-A4C7-9437EDEBDD1B}.Debug|Any CPU.Build.0 = Debug|Any CPU
		{4A44E6D0-29DE-4CD5-A4C7-9437EDEBDD1B}.Release|Any CPU.ActiveCfg = Release|Any CPU
		{4A44E6D0-29DE-4CD5-A4C7-9437EDEBDD1B}.Release|Any CPU.Build.0 = Release|Any CPU
	EndGlobalSection
	GlobalSection(SolutionProperties) = preSolution
		HideSolutionNode = FALSE
	EndGlobalSection
	GlobalSection(ExtensibilityGlobals) = postSolution
		SolutionGuid = {4A1BB538-276D-4BC3-99AE-795F2CAA1D58}
	EndGlobalSection
EndGlobal
